
Microsoft Visual Studio Solution File, Format Version 12.00
# Visual Studio Version 17
VisualStudioVersion = 17.6.33829.357
MinimumVisualStudioVersion = 10.0.40219.1
Project("{9A19103F-16F7-4668-BE54-9A1E7A4F7556}") = "Threads", "WpfApp3\Threads.csproj", "{07FC30B5-5775-40C3-B45C-112CEC147E8F}"
EndProject
Global
	GlobalSection(SolutionConfigurationPlatforms) = preSolution
		Debug|Any CPU = Debug|Any CPU
		Release|Any CPU = Release|Any CPU
	EndGlobalSection
	GlobalSection(ProjectConfigurationPlatforms) = postSolution
		{07FC30B5-5775-40C3-B45C-112CEC147E8F}.Debug|Any CPU.ActiveCfg = Debug|Any CPU
		{07FC30B5-5775-40C3-B45C-112CEC147E8F}.Debug|Any CPU.Build.0 = Debug|Any CPU
		{07FC30B5-5775-40C3-B45C-112CEC147E8F}.Release|Any CPU.ActiveCfg = Release|Any CPU
		{07FC30B5-5775-40C3-B45C-112CEC147E8F}.Release|Any CPU.Build.0 = Release|Any CPU
	EndGlobalSection
	GlobalSection(SolutionProperties) = preSolution
		HideSolutionNode = FALSE
	EndGlobalSection
	GlobalSection(ExtensibilityGlobals) = postSolution
		SolutionGuid = {A7A55883-A968-4969-BB2B-008335CF02F7}
	EndGlobalSection
EndGlobal
